
Microsoft Visual Studio Solution File, Format Version 12.00
# Visual Studio Version 17
VisualStudioVersion = 17.3.32929.385
MinimumVisualStudioVersion = 10.0.40219.1
Project("{FAE04EC0-301F-11D3-BF4B-00C04F79EFBC}") = "MySystem", "OperationSystem\MySystem.csproj", "{3E9EA1E5-A045-437E-9220-C457C683A723}"
EndProject
Project("{FAE04EC0-301F-11D3-BF4B-00C04F79EFBC}") = "SystemCore", "SystemCore\SystemCore.csproj", "{29DC585C-CB12-473D-A855-5FF421FFBE6B}"
EndProject
Global
	GlobalSection(SolutionConfigurationPlatforms) = preSolution
		Debug|Any CPU = Debug|Any CPU
		Release|Any CPU = Release|Any CPU
	EndGlobalSection
	GlobalSection(ProjectConfigurationPlatforms) = postSolution
		{3E9EA1E5-A045-437E-9220-C457C683A723}.Debug|Any CPU.ActiveCfg = Debug|Any CPU
		{3E9EA1E5-A045-437E-9220-C457C683A723}.Debug|Any CPU.Build.0 = Debug|Any CPU
		{3E9EA1E5-A045-437E-9220-C457C683A723}.Release|Any CPU.ActiveCfg = Release|Any CPU
		{3E9EA1E5-A045-437E-9220-C457C683A723}.Release|Any CPU.Build.0 = Release|Any CPU
		{29DC585C-CB12-473D-A855-5FF421FFBE6B}.Debug|Any CPU.ActiveCfg = Debug|Any CPU
		{29DC585C-CB12-473D-A855-5FF421FFBE6B}.Debug|Any CPU.Build.0 = Debug|Any CPU
		{29DC585C-CB12-473D-A855-5FF421FFBE6B}.Release|Any CPU.ActiveCfg = Release|Any CPU
		{29DC585C-CB12-473D-A855-5FF421FFBE6B}.Release|Any CPU.Build.0 = Release|Any CPU
	EndGlobalSection
	GlobalSection(SolutionProperties) = preSolution
		HideSolutionNode = FALSE
	EndGlobalSection
	GlobalSection(ExtensibilityGlobals) = postSolution
		SolutionGuid = {21E56BF7-FEFA-457D-8C07-A42FEB8F67CD}
	EndGlobalSection
EndGlobal
